
Microsoft Visual Studio Solution File, Format Version 12.00
# Visual Studio Version 17
VisualStudioVersion = 17.9.34728.123
MinimumVisualStudioVersion = 10.0.40219.1
Project("{FAE04EC0-301F-11D3-BF4B-00C04F79EFBC}") = "EmployeeManagement", "EmployeeManagement.csproj", "{089769E3-97C8-4D08-ADA6-8F503E44F7A1}"
EndProject
Global
	GlobalSection(SolutionConfigurationPlatforms) = preSolution
		Debug|Any CPU = Debug|Any CPU
		Release|Any CPU = Release|Any CPU
	EndGlobalSection
	GlobalSection(ProjectConfigurationPlatforms) = postSolution
		{089769E3-97C8-4D08-ADA6-8F503E44F7A1}.Debug|Any CPU.ActiveCfg = Debug|Any CPU
		{089769E3-97C8-4D08-ADA6-8F503E44F7A1}.Debug|Any CPU.Build.0 = Debug|Any CPU
		{089769E3-97C8-4D08-ADA6-8F503E44F7A1}.Release|Any CPU.ActiveCfg = Release|Any CPU
		{089769E3-97C8-4D08-ADA6-8F503E44F7A1}.Release|Any CPU.Build.0 = Release|Any CPU
	EndGlobalSection
	GlobalSection(SolutionProperties) = preSolution
		HideSolutionNode = FALSE
	EndGlobalSection
	GlobalSection(ExtensibilityGlobals) = postSolution
		SolutionGuid = {682FE315-AA33-465C-9F2F-0AE2630B3F36}
	EndGlobalSection
EndGlobal
